
Microsoft Visual Studio Solution File, Format Version 12.00
# Visual Studio Version 17
VisualStudioVersion = 17.5.33627.172
MinimumVisualStudioVersion = 10.0.40219.1
Project("{9A19103F-16F7-4668-BE54-9A1E7A4F7556}") = "Task_1", "Task_1\Task_1.csproj", "{2D0495C2-FC2C-4D14-9DE1-961B02A53A43}"
EndProject
Project("{9A19103F-16F7-4668-BE54-9A1E7A4F7556}") = "Task_2", "Task_2\Task_2.csproj", "{2ABB75BC-9831-4271-8310-A0C975E361AF}"
EndProject
Project("{9A19103F-16F7-4668-BE54-9A1E7A4F7556}") = "Task_3", "Task_3\Task_3.csproj", "{A7F73A54-4E89-4CF0-8D67-8AD71B64426B}"
EndProject
Project("{9A19103F-16F7-4668-BE54-9A1E7A4F7556}") = "Task_4", "Task_4\Task_4.csproj", "{377412B0-69F7-438B-B30F-10B96CC96EFF}"
EndProject
Project("{9A19103F-16F7-4668-BE54-9A1E7A4F7556}") = "Task_5", "Task_5\Task_5.csproj", "{94C5229E-AA28-45AB-93F7-86B884E13EC1}"
EndProject
Project("{9A19103F-16F7-4668-BE54-9A1E7A4F7556}") = "Task_7", "Task_7\Task_7.csproj", "{461A7CD1-8360-4E56-9450-1AC81C92BFEE}"
EndProject
Project("{FAE04EC0-301F-11D3-BF4B-00C04F79EFBC}") = "Task_8", "Task_8\Task_8.csproj", "{7BBBCD0E-8E42-4275-B072-907F570DDD5D}"
EndProject
Global
	GlobalSection(SolutionConfigurationPlatforms) = preSolution
		Debug|Any CPU = Debug|Any CPU
		Release|Any CPU = Release|Any CPU
	EndGlobalSection
	GlobalSection(ProjectConfigurationPlatforms) = postSolution
		{2D0495C2-FC2C-4D14-9DE1-961B02A53A43}.Debug|Any CPU.ActiveCfg = Debug|Any CPU
		{2D0495C2-FC2C-4D14-9DE1-961B02A53A43}.Debug|Any CPU.Build.0 = Debug|Any CPU
		{2D0495C2-FC2C-4D14-9DE1-961B02A53A43}.Release|Any CPU.ActiveCfg = Release|Any CPU
		{2D0495C2-FC2C-4D14-9DE1-961B02A53A43}.Release|Any CPU.Build.0 = Release|Any CPU
		{2ABB75BC-9831-4271-8310-A0C975E361AF}.Debug|Any CPU.ActiveCfg = Debug|Any CPU
		{2ABB75BC-9831-4271-8310-A0C975E361AF}.Debug|Any CPU.Build.0 = Debug|Any CPU
		{2ABB75BC-9831-4271-8310-A0C975E361AF}.Release|Any CPU.ActiveCfg = Release|Any CPU
		{2ABB75BC-9831-4271-8310-A0C975E361AF}.Release|Any CPU.Build.0 = Release|Any CPU
		{A7F73A54-4E89-4CF0-8D67-8AD71B64426B}.Debug|Any CPU.ActiveCfg = Debug|Any CPU
		{A7F73A54-4E89-4CF0-8D67-8AD71B64426B}.Debug|Any CPU.Build.0 = Debug|Any CPU
		{A7F73A54-4E89-4CF0-8D67-8AD71B64426B}.Release|Any CPU.ActiveCfg = Release|Any CPU
		{A7F73A54-4E89-4CF0-8D67-8AD71B64426B}.Release|Any CPU.Build.0 = Release|Any CPU
		{377412B0-69F7-438B-B30F-10B96CC96EFF}.Debug|Any CPU.ActiveCfg = Debug|Any CPU
		{377412B0-69F7-438B-B30F-10B96CC96EFF}.Debug|Any CPU.Build.0 = Debug|Any CPU
		{377412B0-69F7-438B-B30F-10B96CC96EFF}.Release|Any CPU.ActiveCfg = Release|Any CPU
		{377412B0-69F7-438B-B30F-10B96CC96EFF}.Release|Any CPU.Build.0 = Release|Any CPU
		{94C5229E-AA28-45AB-93F7-86B884E13EC1}.Debug|Any CPU.ActiveCfg = Debug|Any CPU
		{94C5229E-AA28-45AB-93F7-86B884E13EC1}.Debug|Any CPU.Build.0 = Debug|Any CPU
		{94C5229E-AA28-45AB-93F7-86B884E13EC1}.Release|Any CPU.ActiveCfg = Release|Any CPU
		{94C5229E-AA28-45AB-93F7-86B884E13EC1}.Release|Any CPU.Build.0 = Release|Any CPU
		{461A7CD1-8360-4E56-9450-1AC81C92BFEE}.Debug|Any CPU.ActiveCfg = Debug|Any CPU
		{461A7CD1-8360-4E56-9450-1AC81C92BFEE}.Debug|Any CPU.Build.0 = Debug|Any CPU
		{461A7CD1-8360-4E56-9450-1AC81C92BFEE}.Release|Any CPU.ActiveCfg = Release|Any CPU
		{461A7CD1-8360-4E56-9450-1AC81C92BFEE}.Release|Any CPU.Build.0 = Release|Any CPU
		{7BBBCD0E-8E42-4275-B072-907F570DDD5D}.Debug|Any CPU.ActiveCfg = Debug|Any CPU
		{7BBBCD0E-8E42-4275-B072-907F570DDD5D}.Debug|Any CPU.Build.0 = Debug|Any CPU
		{7BBBCD0E-8E42-4275-B072-907F570DDD5D}.Release|Any CPU.ActiveCfg = Release|Any CPU
		{7BBBCD0E-8E42-4275-B072-907F570DDD5D}.Release|Any CPU.Build.0 = Release|Any CPU
	EndGlobalSection
	GlobalSection(SolutionProperties) = preSolution
		HideSolutionNode = FALSE
	EndGlobalSection
	GlobalSection(ExtensibilityGlobals) = postSolution
		SolutionGuid = {7AD0CB3D-BDCF-4D41-8A60-1AAEEF390DE9}
	EndGlobalSection
EndGlobal
